
Microsoft Visual Studio Solution File, Format Version 12.00
Project("{FAE04EC0-301F-11D3-BF4B-00C04F79EFBC}") = "Phema.Named", "src\Phema.Named\Phema.Named.csproj", "{7EC15D6E-4D48-45E9-BDC7-A1784FBFB5B0}"
EndProject
Project("{FAE04EC0-301F-11D3-BF4B-00C04F79EFBC}") = "Phema.Named.Tests", "src\Phema.Named.Tests\Phema.Named.Tests.csproj", "{8899B43A-A35F-4BBF-85F7-7A347815BEBC}"
EndProject
Global
	GlobalSection(SolutionConfigurationPlatforms) = preSolution
		Debug|Any CPU = Debug|Any CPU
		Release|Any CPU = Release|Any CPU
	EndGlobalSection
	GlobalSection(ProjectConfigurationPlatforms) = postSolution
		{7EC15D6E-4D48-45E9-BDC7-A1784FBFB5B0}.Debug|Any CPU.ActiveCfg = Debug|Any CPU
		{7EC15D6E-4D48-45E9-BDC7-A1784FBFB5B0}.Debug|Any CPU.Build.0 = Debug|Any CPU
		{7EC15D6E-4D48-45E9-BDC7-A1784FBFB5B0}.Release|Any CPU.ActiveCfg = Release|Any CPU
		{7EC15D6E-4D48-45E9-BDC7-A1784FBFB5B0}.Release|Any CPU.Build.0 = Release|Any CPU
		{8899B43A-A35F-4BBF-85F7-7A347815BEBC}.Debug|Any CPU.ActiveCfg = Debug|Any CPU
		{8899B43A-A35F-4BBF-85F7-7A347815BEBC}.Debug|Any CPU.Build.0 = Debug|Any CPU
		{8899B43A-A35F-4BBF-85F7-7A347815BEBC}.Release|Any CPU.ActiveCfg = Release|Any CPU
		{8899B43A-A35F-4BBF-85F7-7A347815BEBC}.Release|Any CPU.Build.0 = Release|Any CPU
	EndGlobalSection
EndGlobal
